
Microsoft Visual Studio Solution File, Format Version 12.00
# Visual Studio Version 17
VisualStudioVersion = 17.0.31903.59
MinimumVisualStudioVersion = 10.0.40219.1
Project("{9A19103F-16F7-4668-BE54-9A1E7A4F7556}") = "DAL", "DAL\DAL.csproj", "{9E103D98-FF36-4ED5-91E4-C7228D98B135}"
EndProject
Project("{9A19103F-16F7-4668-BE54-9A1E7A4F7556}") = "BLL", "BLL\BLL.csproj", "{6FDC81B1-3DE4-4875-AEC3-36B7D54F869E}"
EndProject
Project("{9A19103F-16F7-4668-BE54-9A1E7A4F7556}") = "Web", "Web\Web.csproj", "{608E8906-3BB0-486E-9894-DD92A5660F9F}"
EndProject
Project("{FAE04EC0-301F-11D3-BF4B-00C04F79EFBC}") = "BLL.Tests", "BLL.Tests\BLL.Tests.csproj", "{DBB12D1D-10FF-4445-9C79-AE8AD7C3614C}"
EndProject
Global
	GlobalSection(SolutionConfigurationPlatforms) = preSolution
		Debug|Any CPU = Debug|Any CPU
		Debug|x64 = Debug|x64
		Debug|x86 = Debug|x86
		Release|Any CPU = Release|Any CPU
		Release|x64 = Release|x64
		Release|x86 = Release|x86
	EndGlobalSection
	GlobalSection(ProjectConfigurationPlatforms) = postSolution
		{9E103D98-FF36-4ED5-91E4-C7228D98B135}.Debug|Any CPU.ActiveCfg = Debug|Any CPU
		{9E103D98-FF36-4ED5-91E4-C7228D98B135}.Debug|Any CPU.Build.0 = Debug|Any CPU
		{9E103D98-FF36-4ED5-91E4-C7228D98B135}.Debug|x64.ActiveCfg = Debug|Any CPU
		{9E103D98-FF36-4ED5-91E4-C7228D98B135}.Debug|x64.Build.0 = Debug|Any CPU
		{9E103D98-FF36-4ED5-91E4-C7228D98B135}.Debug|x86.ActiveCfg = Debug|Any CPU
		{9E103D98-FF36-4ED5-91E4-C7228D98B135}.Debug|x86.Build.0 = Debug|Any CPU
		{9E103D98-FF36-4ED5-91E4-C7228D98B135}.Release|Any CPU.ActiveCfg = Release|Any CPU
		{9E103D98-FF36-4ED5-91E4-C7228D98B135}.Release|Any CPU.Build.0 = Release|Any CPU
		{9E103D98-FF36-4ED5-91E4-C7228D98B135}.Release|x64.ActiveCfg = Release|Any CPU
		{9E103D98-FF36-4ED5-91E4-C7228D98B135}.Release|x64.Build.0 = Release|Any CPU
		{9E103D98-FF36-4ED5-91E4-C7228D98B135}.Release|x86.ActiveCfg = Release|Any CPU
		{9E103D98-FF36-4ED5-91E4-C7228D98B135}.Release|x86.Build.0 = Release|Any CPU
		{6FDC81B1-3DE4-4875-AEC3-36B7D54F869E}.Debug|Any CPU.ActiveCfg = Debug|Any CPU
		{6FDC81B1-3DE4-4875-AEC3-36B7D54F869E}.Debug|Any CPU.Build.0 = Debug|Any CPU
		{6FDC81B1-3DE4-4875-AEC3-36B7D54F869E}.Debug|x64.ActiveCfg = Debug|Any CPU
		{6FDC81B1-3DE4-4875-AEC3-36B7D54F869E}.Debug|x64.Build.0 = Debug|Any CPU
		{6FDC81B1-3DE4-4875-AEC3-36B7D54F869E}.Debug|x86.ActiveCfg = Debug|Any CPU
		{6FDC81B1-3DE4-4875-AEC3-36B7D54F869E}.Debug|x86.Build.0 = Debug|Any CPU
		{6FDC81B1-3DE4-4875-AEC3-36B7D54F869E}.Release|Any CPU.ActiveCfg = Release|Any CPU
		{6FDC81B1-3DE4-4875-AEC3-36B7D54F869E}.Release|Any CPU.Build.0 = Release|Any CPU
		{6FDC81B1-3DE4-4875-AEC3-36B7D54F869E}.Release|x64.ActiveCfg = Release|Any CPU
		{6FDC81B1-3DE4-4875-AEC3-36B7D54F869E}.Release|x64.Build.0 = Release|Any CPU
		{6FDC81B1-3DE4-4875-AEC3-36B7D54F869E}.Release|x86.ActiveCfg = Release|Any CPU
		{6FDC81B1-3DE4-4875-AEC3-36B7D54F869E}.Release|x86.Build.0 = Release|Any CPU
		{608E8906-3BB0-486E-9894-DD92A5660F9F}.Debug|Any CPU.ActiveCfg = Debug|Any CPU
		{608E8906-3BB0-486E-9894-DD92A5660F9F}.Debug|Any CPU.Build.0 = Debug|Any CPU
		{608E8906-3BB0-486E-9894-DD92A5660F9F}.Debug|x64.ActiveCfg = Debug|Any CPU
		{608E8906-3BB0-486E-9894-DD92A5660F9F}.Debug|x64.Build.0 = Debug|Any CPU
		{608E8906-3BB0-486E-9894-DD92A5660F9F}.Debug|x86.ActiveCfg = Debug|Any CPU
		{608E8906-3BB0-486E-9894-DD92A5660F9F}.Debug|x86.Build.0 = Debug|Any CPU
		{608E8906-3BB0-486E-9894-DD92A5660F9F}.Release|Any CPU.ActiveCfg = Release|Any CPU
		{608E8906-3BB0-486E-9894-DD92A5660F9F}.Release|Any CPU.Build.0 = Release|Any CPU
		{608E8906-3BB0-486E-9894-DD92A5660F9F}.Release|x64.ActiveCfg = Release|Any CPU
		{608E8906-3BB0-486E-9894-DD92A5660F9F}.Release|x64.Build.0 = Release|Any CPU
		{608E8906-3BB0-486E-9894-DD92A5660F9F}.Release|x86.ActiveCfg = Release|Any CPU
		{608E8906-3BB0-486E-9894-DD92A5660F9F}.Release|x86.Build.0 = Release|Any CPU
		{DBB12D1D-10FF-4445-9C79-AE8AD7C3614C}.Debug|Any CPU.ActiveCfg = Debug|Any CPU
		{DBB12D1D-10FF-4445-9C79-AE8AD7C3614C}.Debug|Any CPU.Build.0 = Debug|Any CPU
		{DBB12D1D-10FF-4445-9C79-AE8AD7C3614C}.Debug|x64.ActiveCfg = Debug|Any CPU
		{DBB12D1D-10FF-4445-9C79-AE8AD7C3614C}.Debug|x64.Build.0 = Debug|Any CPU
		{DBB12D1D-10FF-4445-9C79-AE8AD7C3614C}.Debug|x86.ActiveCfg = Debug|Any CPU
		{DBB12D1D-10FF-4445-9C79-AE8AD7C3614C}.Debug|x86.Build.0 = Debug|Any CPU
		{DBB12D1D-10FF-4445-9C79-AE8AD7C3614C}.Release|Any CPU.ActiveCfg = Release|Any CPU
		{DBB12D1D-10FF-4445-9C79-AE8AD7C3614C}.Release|Any CPU.Build.0 = Release|Any CPU
		{DBB12D1D-10FF-4445-9C79-AE8AD7C3614C}.Release|x64.ActiveCfg = Release|Any CPU
		{DBB12D1D-10FF-4445-9C79-AE8AD7C3614C}.Release|x64.Build.0 = Release|Any CPU
		{DBB12D1D-10FF-4445-9C79-AE8AD7C3614C}.Release|x86.ActiveCfg = Release|Any CPU
		{DBB12D1D-10FF-4445-9C79-AE8AD7C3614C}.Release|x86.Build.0 = Release|Any CPU
	EndGlobalSection
	GlobalSection(SolutionProperties) = preSolution
		HideSolutionNode = FALSE
	EndGlobalSection
EndGlobal
